
Microsoft Visual Studio Solution File, Format Version 12.00
# Visual Studio 2015
Project("{FAE04EC0-301F-11D3-BF4B-00C04F79EFBC}") = "Vrifydata", "Vrifydata.csproj", "{1CB7754B-2A79-EA6A-EB79-934FF234A227}"
EndProject
Project("{FAE04EC0-301F-11D3-BF4B-00C04F79EFBC}") = "Vrifydata.Editor", "Vrifydata.Editor.csproj", "{CC5FDB56-9036-DC84-E46C-27EB128C5FAC}"
EndProject
Global
	GlobalSection(SolutionConfigurationPlatforms) = preSolution
		Debug|Any CPU = Debug|Any CPU
		Release|Any CPU = Release|Any CPU
	EndGlobalSection
	GlobalSection(ProjectConfigurationPlatforms) = postSolution
		{1CB7754B-2A79-EA6A-EB79-934FF234A227}.Debug|Any CPU.ActiveCfg = Debug|Any CPU
		{1CB7754B-2A79-EA6A-EB79-934FF234A227}.Debug|Any CPU.Build.0 = Debug|Any CPU
		{1CB7754B-2A79-EA6A-EB79-934FF234A227}.Release|Any CPU.ActiveCfg = Release|Any CPU
		{1CB7754B-2A79-EA6A-EB79-934FF234A227}.Release|Any CPU.Build.0 = Release|Any CPU
		{CC5FDB56-9036-DC84-E46C-27EB128C5FAC}.Debug|Any CPU.ActiveCfg = Debug|Any CPU
		{CC5FDB56-9036-DC84-E46C-27EB128C5FAC}.Debug|Any CPU.Build.0 = Debug|Any CPU
		{CC5FDB56-9036-DC84-E46C-27EB128C5FAC}.Release|Any CPU.ActiveCfg = Release|Any CPU
		{CC5FDB56-9036-DC84-E46C-27EB128C5FAC}.Release|Any CPU.Build.0 = Release|Any CPU
	EndGlobalSection
	GlobalSection(SolutionProperties) = preSolution
		HideSolutionNode = FALSE
	EndGlobalSection
EndGlobal
